
Microsoft Visual Studio Solution File, Format Version 12.00
# Visual Studio 15
VisualStudioVersion = 15.0.28307.106
MinimumVisualStudioVersion = 10.0.40219.1
Project("{FAE04EC0-301F-11D3-BF4B-00C04F79EFBC}") = "MemoriaCurtar.Bot", "MemoriaCurtar.Bot\MemoriaCurtar.Bot.csproj", "{628179C6-45A9-4A05-915C-E525ABB13677}"
EndProject
Global
	GlobalSection(SolutionConfigurationPlatforms) = preSolution
		Debug|Any CPU = Debug|Any CPU
		Release|Any CPU = Release|Any CPU
	EndGlobalSection
	GlobalSection(ProjectConfigurationPlatforms) = postSolution
		{628179C6-45A9-4A05-915C-E525ABB13677}.Debug|Any CPU.ActiveCfg = Debug|Any CPU
		{628179C6-45A9-4A05-915C-E525ABB13677}.Debug|Any CPU.Build.0 = Debug|Any CPU
		{628179C6-45A9-4A05-915C-E525ABB13677}.Release|Any CPU.ActiveCfg = Release|Any CPU
		{628179C6-45A9-4A05-915C-E525ABB13677}.Release|Any CPU.Build.0 = Release|Any CPU
	EndGlobalSection
	GlobalSection(SolutionProperties) = preSolution
		HideSolutionNode = FALSE
	EndGlobalSection
	GlobalSection(ExtensibilityGlobals) = postSolution
		SolutionGuid = {8F04F790-48FC-4F08-ADD5-347CDDD0AB66}
	EndGlobalSection
EndGlobal
